// !$*UTF8*$!
{
	archiveVersion = 1;
	classes = {
	};
	objectVersion = 50;
	objects = {

/* Begin PBXBuildFile section */
		17025C3E22042EAA0039C3D9 /* AppDelegate.swift in Sources */ = {isa = PBXBuildFile; fileRef = 17025C3D22042EAA0039C3D9 /* AppDelegate.swift */; };
		17025C4022042EAA0039C3D9 /* ViewController.swift in Sources */ = {isa = PBXBuildFile; fileRef = 17025C3F22042EAA0039C3D9 /* ViewController.swift */; };
		17025C4322042EAA0039C3D9 /* Main.storyboard in Resources */ = {isa = PBXBuildFile; fileRef = 17025C4122042EAA0039C3D9 /* Main.storyboard */; };
		17025C4522042EAC0039C3D9 /* Assets.xcassets in Resources */ = {isa = PBXBuildFile; fileRef = 17025C4422042EAC0039C3D9 /* Assets.xcassets */; };
		17025C4822042EAC0039C3D9 /* LaunchScreen.storyboard in Resources */ = {isa = PBXBuildFile; fileRef = 17025C4622042EAC0039C3D9 /* LaunchScreen.storyboard */; };
		17025C5022042EE80039C3D9 /* DemoClassResponse.swift in Sources */ = {isa = PBXBuildFile; fileRef = 17025C4F22042EE80039C3D9 /* DemoClassResponse.swift */; };
		17025C52220439010039C3D9 /* jsonFile.json in Resources */ = {isa = PBXBuildFile; fileRef = 17025C51220439010039C3D9 /* jsonFile.json */; };
		17025C5422043E980039C3D9 /* DateParser.swift in Sources */ = {isa = PBXBuildFile; fileRef = 17025C5322043E980039C3D9 /* DateParser.swift */; };
		17025C56220443770039C3D9 /* JSONDecoderExtension.swift in Sources */ = {isa = PBXBuildFile; fileRef = 17025C55220443770039C3D9 /* JSONDecoderExtension.swift */; };
/* End PBXBuildFile section */

/* Begin PBXFileReference section */
		17025C3A22042EAA0039C3D9 /* JSON Parsing Swift 4.app */ = {isa = PBXFileReference; explicitFileType = wrapper.application; includeInIndex = 0; path = "JSON Parsing Swift 4.app"; sourceTree = BUILT_PRODUCTS_DIR; };
		17025C3D22042EAA0039C3D9 /* AppDelegate.swift */ = {isa = PBXFileReference; lastKnownFileType = sourcecode.swift; path = AppDelegate.swift; sourceTree = "<group>"; };
		17025C3F22042EAA0039C3D9 /* ViewController.swift */ = {isa = PBXFileReference; lastKnownFileType = sourcecode.swift; path = ViewController.swift; sourceTree = "<group>"; };
		17025C4222042EAA0039C3D9 /* Base */ = {isa = PBXFileReference; lastKnownFileType = file.storyboard; name = Base; path = Base.lproj/Main.storyboard; sourceTree = "<group>"; };
		17025C4422042EAC0039C3D9 /* Assets.xcassets */ = {isa = PBXFileReference; lastKnownFileType = folder.assetcatalog; path = Assets.xcassets; sourceTree = "<group>"; };
		17025C4722042EAC0039C3D9 /* Base */ = {isa = PBXFileReference; lastKnownFileType = file.storyboard; name = Base; path = Base.lproj/LaunchScreen.storyboard; sourceTree = "<group>"; };
		17025C4922042EAC0039C3D9 /* Info.plist */ = {isa = PBXFileReference; lastKnownFileType = text.plist.xml; path = Info.plist; sourceTree = "<group>"; };
		17025C4F22042EE80039C3D9 /* DemoClassResponse.swift */ = {isa = PBXFileReference; lastKnownFileType = sourcecode.swift; path = DemoClassResponse.swift; sourceTree = "<group>"; };
		17025C51220439010039C3D9 /* jsonFile.json */ = {isa = PBXFileReference; fileEncoding = 4; lastKnownFileType = text.json; path = jsonFile.json; sourceTree = "<group>"; };
		17025C5322043E980039C3D9 /* DateParser.swift */ = {isa = PBXFileReference; lastKnownFileType = sourcecode.swift; path = DateParser.swift; sourceTree = "<group>"; };
		17025C55220443770039C3D9 /* JSONDecoderExtension.swift */ = {isa = PBXFileReference; lastKnownFileType = sourcecode.swift; path = JSONDecoderExtension.swift; sourceTree = "<group>"; };
/* End PBXFileReference section */

/* Begin PBXFrameworksBuildPhase section */
		17025C3722042EAA0039C3D9 /* Frameworks */ = {
			isa = PBXFrameworksBuildPhase;
			buildActionMask = 2147483647;
			files = (
			);
			runOnlyForDeploymentPostprocessing = 0;
		};
/* End PBXFrameworksBuildPhase section */

/* Begin PBXGroup section */
		17025C3122042EAA0039C3D9 = {
			isa = PBXGroup;
			children = (
				17025C3C22042EAA0039C3D9 /* JSON Parsing Swift 4 */,
				17025C3B22042EAA0039C3D9 /* Products */,
			);
			sourceTree = "<group>";
		};
		17025C3B22042EAA0039C3D9 /* Products */ = {
			isa = PBXGroup;
			children = (
				17025C3A22042EAA0039C3D9 /* JSON Parsing Swift 4.app */,
			);
			name = Products;
			sourceTree = "<group>";
		};
		17025C3C22042EAA0039C3D9 /* JSON Parsing Swift 4 */ = {
			isa = PBXGroup;
			children = (
				17025C3D22042EAA0039C3D9 /* AppDelegate.swift */,
				17025C3F22042EAA0039C3D9 /* ViewController.swift */,
				17025C4122042EAA0039C3D9 /* Main.storyboard */,
				17025C4422042EAC0039C3D9 /* Assets.xcassets */,
				17025C4622042EAC0039C3D9 /* LaunchScreen.storyboard */,
				17025C4922042EAC0039C3D9 /* Info.plist */,
				17025C4F22042EE80039C3D9 /* DemoClassResponse.swift */,
				17025C51220439010039C3D9 /* jsonFile.json */,
				17025C5322043E980039C3D9 /* DateParser.swift */,
				17025C55220443770039C3D9 /* JSONDecoderExtension.swift */,
			);
			path = "JSON Parsing Swift 4";
			sourceTree = "<group>";
		};
/* End PBXGroup section */

/* Begin PBXNativeTarget section */
		17025C3922042EAA0039C3D9 /* JSON Parsing Swift 4 */ = {
			isa = PBXNativeTarget;
			buildConfigurationList = 17025C4C22042EAC0039C3D9 /* Build configuration list for PBXNativeTarget "JSON Parsing Swift 4" */;
			buildPhases = (
				17025C3622042EAA0039C3D9 /* Sources */,
				17025C3722042EAA0039C3D9 /* Frameworks */,
				17025C3822042EAA0039C3D9 /* Resources */,
			);
			buildRules = (
			);
			dependencies = (
			);
			name = "JSON Parsing Swift 4";
			productName = "JSON Parsing Swift 4";
			productReference = 17025C3A22042EAA0039C3D9 /* JSON Parsing Swift 4.app */;
			productType = "com.apple.product-type.application";
		};
/* End PBXNativeTarget section */

/* Begin PBXProject section */
		17025C3222042EAA0039C3D9 /* Project object */ = {
			isa = PBXProject;
			attributes = {
				LastSwiftUpdateCheck = 1010;
				LastUpgradeCheck = 1010;
				ORGANIZATIONNAME = REVS;
				TargetAttributes = {
					17025C3922042EAA0039C3D9 = {
						CreatedOnToolsVersion = 10.1;
					};
				};
			};
			buildConfigurationList = 17025C3522042EAA0039C3D9 /* Build configuration list for PBXProject "JSON Parsing Swift 4" */;
			compatibilityVersion = "Xcode 9.3";
			developmentRegion = en;
			hasScannedForEncodings = 0;
			knownRegions = (
				en,
				Base,
			);
			mainGroup = 17025C3122042EAA0039C3D9;
			productRefGroup = 17025C3B22042EAA0039C3D9 /* Products */;
			projectDirPath = "";
			projectRoot = "";
			targets = (
				17025C3922042EAA0039C3D9 /* JSON Parsing Swift 4 */,
			);
		};
/* End PBXProject section */

/* Begin PBXResourcesBuildPhase section */
		17025C3822042EAA0039C3D9 /* Resources */ = {
			isa = PBXResourcesBuildPhase;
			buildActionMask = 2147483647;
			files = (
				17025C4822042EAC0039C3D9 /* LaunchScreen.storyboard in Resources */,
				17025C4522042EAC0039C3D9 /* Assets.xcassets in Resources */,
				17025C4322042EAA0039C3D9 /* Main.storyboard in Resources */,
				17025C52220439010039C3D9 /* jsonFile.json in Resources */,
			);
			runOnlyForDeploymentPostprocessing = 0;
		};
/* End PBXResourcesBuildPhase section */

/* Begin PBXSourcesBuildPhase section */
		17025C3622042EAA0039C3D9 /* Sources */ = {
			isa = PBXSourcesBuildPhase;
			buildActionMask = 2147483647;
			files = (
				17025C56220443770039C3D9 /* JSONDecoderExtension.swift in Sources */,
				17025C5022042EE80039C3D9 /* DemoClassResponse.swift in Sources */,
				17025C4022042EAA0039C3D9 /* ViewController.swift in Sources */,
				17025C5422043E980039C3D9 /* DateParser.swift in Sources */,
				17025C3E22042EAA0039C3D9 /* AppDelegate.swift in Sources */,
			);
			runOnlyForDeploymentPostprocessing = 0;
		};
/* End PBXSourcesBuildPhase section */

/* Begin PBXVariantGroup section */
		17025C4122042EAA0039C3D9 /* Main.storyboard */ = {
			isa = PBXVariantGroup;
			children = (
				17025C4222042EAA0039C3D9 /* Base */,
			);
			name = Main.storyboard;
			sourceTree = "<group>";
		};
		17025C4622042EAC0039C3D9 /* LaunchScreen.storyboard */ = {
			isa = PBXVariantGroup;
			children = (
				17025C4722042EAC0039C3D9 /* Base */,
			);
			name = LaunchScreen.storyboard;
			sourceTree = "<group>";
		};
/* End PBXVariantGroup section */

/* Begin XCBuildConfiguration section */
		17025C4A22042EAC0039C3D9 /* Debug */ = {
			isa = XCBuildConfiguration;
			buildSettings = {
				ALWAYS_SEARCH_USER_PATHS = NO;
				CLANG_ANALYZER_NONNULL = YES;
				CLANG_ANALYZER_NUMBER_OBJECT_CONVERSION = YES_AGGRESSIVE;
				CLANG_CXX_LANGUAGE_STANDARD = "gnu++14";
				CLANG_CXX_LIBRARY = "libc++";
				CLANG_ENABLE_MODULES = YES;
				CLANG_ENABLE_OBJC_ARC = YES;
				CLANG_ENABLE_OBJC_WEAK = YES;
				CLANG_WARN_BLOCK_CAPTURE_AUTORELEASING = YES;
				CLANG_WARN_BOOL_CONVERSION = YES;
				CLANG_WARN_COMMA = YES;
				CLANG_WARN_CONSTANT_CONVERSION = YES;
				CLANG_WARN_DEPRECATED_OBJC_IMPLEMENTATIONS = YES;
				CLANG_WARN_DIRECT_OBJC_ISA_USAGE = YES_ERROR;
				CLANG_WARN_DOCUMENTATION_COMMENTS = YES;
				CLANG_WARN_EMPTY_BODY = YES;
				CLANG_WARN_ENUM_CONVERSION = YES;
				CLANG_WARN_INFINITE_RECURSION = YES;
				CLANG_WARN_INT_CONVERSION = YES;
				CLANG_WARN_NON_LITERAL_NULL_CONVERSION = YES;
				CLANG_WARN_OBJC_IMPLICIT_RETAIN_SELF = YES;
				CLANG_WARN_OBJC_LITERAL_CONVERSION = YES;
				CLANG_WARN_OBJC_ROOT_CLASS = YES_ERROR;
				CLANG_WARN_RANGE_LOOP_ANALYSIS = YES;
				CLANG_WARN_STRICT_PROTOTYPES = YES;
				CLANG_WARN_SUSPICIOUS_MOVE = YES;
				CLANG_WARN_UNGUARDED_AVAILABILITY = YES_AGGRESSIVE;
				CLANG_WARN_UNREACHABLE_CODE = YES;
				CLANG_WARN__DUPLICATE_METHOD_MATCH = YES;
				CODE_SIGN_IDENTITY = "iPhone Developer";
				COPY_PHASE_STRIP = NO;
				DEBUG_INFORMATION_FORMAT = dwarf;
				ENABLE_STRICT_OBJC_MSGSEND = YES;
				ENABLE_TESTABILITY = YES;
				GCC_C_LANGUAGE_STANDARD = gnu11;
				GCC_DYNAMIC_NO_PIC = NO;
				GCC_NO_COMMON_BLOCKS = YES;
				GCC_OPTIMIZATION_LEVEL = 0;
				GCC_PREPROCESSOR_DEFINITIONS = (
					"DEBUG=1",
					"$(inherited)",
				);
				GCC_WARN_64_TO_32_BIT_CONVERSION = YES;
				GCC_WARN_ABOUT_RETURN_TYPE = YES_ERROR;
				GCC_WARN_UNDECLARED_SELECTOR = YES;
				GCC_WARN_UNINITIALIZED_AUTOS = YES_AGGRESSIVE;
				GCC_WARN_UNUSED_FUNCTION = YES;
				GCC_WARN_UNUSED_VARIABLE = YES;
				IPHONEOS_DEPLOYMENT_TARGET = 12.1;
				MTL_ENABLE_DEBUG_INFO = INCLUDE_SOURCE;
				MTL_FAST_MATH = YES;
				ONLY_ACTIVE_ARCH = YES;
				SDKROOT = iphoneos;
				SWIFT_ACTIVE_COMPILATION_CONDITIONS = DEBUG;
				SWIFT_OPTIMIZATION_LEVEL = "-Onone";
			};
			name = Debug;
		};
		17025C4B22042EAC0039C3D9 /* Release */ = {
			isa = XCBuildConfiguration;
			buildSettings = {
				ALWAYS_SEARCH_USER_PATHS = NO;
				CLANG_ANALYZER_NONNULL = YES;
				CLANG_ANALYZER_NUMBER_OBJECT_CONVERSION = YES_AGGRESSIVE;
				CLANG_CXX_LANGUAGE_STANDARD = "gnu++14";
				CLANG_CXX_LIBRARY = "libc++";
				CLANG_ENABLE_MODULES = YES;
				CLANG_ENABLE_OBJC_ARC = YES;
				CLANG_ENABLE_OBJC_WEAK = YES;
				CLANG_WARN_BLOCK_CAPTURE_AUTORELEASING = YES;
				CLANG_WARN_BOOL_CONVERSION = YES;
				CLANG_WARN_COMMA = YES;
				CLANG_WARN_CONSTANT_CONVERSION = YES;
				CLANG_WARN_DEPRECATED_OBJC_IMPLEMENTATIONS = YES;
				CLANG_WARN_DIRECT_OBJC_ISA_USAGE = YES_ERROR;
				CLANG_WARN_DOCUMENTATION_COMMENTS = YES;
				CLANG_WARN_EMPTY_BODY = YES;
				CLANG_WARN_ENUM_CONVERSION = YES;
				CLANG_WARN_INFINITE_RECURSION = YES;
				CLANG_WARN_INT_CONVERSION = YES;
				CLANG_WARN_NON_LITERAL_NULL_CONVERSION = YES;
				CLANG_WARN_OBJC_IMPLICIT_RETAIN_SELF = YES;
				CLANG_WARN_OBJC_LITERAL_CONVERSION = YES;
				CLANG_WARN_OBJC_ROOT_CLASS = YES_ERROR;
				CLANG_WARN_RANGE_LOOP_ANALYSIS = YES;
				CLANG_WARN_STRICT_PROTOTYPES = YES;
				CLANG_WARN_SUSPICIOUS_MOVE = YES;
				CLANG_WARN_UNGUARDED_AVAILABILITY = YES_AGGRESSIVE;
				CLANG_WARN_UNREACHABLE_CODE = YES;
				CLANG_WARN__DUPLICATE_METHOD_MATCH = YES;
				CODE_SIGN_IDENTITY = "iPhone Developer";
				COPY_PHASE_STRIP = NO;
				DEBUG_INFORMATION_FORMAT = "dwarf-with-dsym";
				ENABLE_NS_ASSERTIONS = NO;
				ENABLE_STRICT_OBJC_MSGSEND = YES;
				GCC_C_LANGUAGE_STANDARD = gnu11;
				GCC_NO_COMMON_BLOCKS = YES;
				GCC_WARN_64_TO_32_BIT_CONVERSION = YES;
				GCC_WARN_ABOUT_RETURN_TYPE = YES_ERROR;
				GCC_WARN_UNDECLARED_SELECTOR = YES;
				GCC_WARN_UNINITIALIZED_AUTOS = YES_AGGRESSIVE;
				GCC_WARN_UNUSED_FUNCTION = YES;
				GCC_WARN_UNUSED_VARIABLE = YES;
				IPHONEOS_DEPLOYMENT_TARGET = 12.1;
				MTL_ENABLE_DEBUG_INFO = NO;
				MTL_FAST_MATH = YES;
				SDKROOT = iphoneos;
				SWIFT_COMPILATION_MODE = wholemodule;
				SWIFT_OPTIMIZATION_LEVEL = "-O";
				VALIDATE_PRODUCT = YES;
			};
			name = Release;
		};
		17025C4D22042EAC0039C3D9 /* Debug */ = {
			isa = XCBuildConfiguration;
			buildSettings = {
				ASSETCATALOG_COMPILER_APPICON_NAME = AppIcon;
				CODE_SIGN_STYLE = Automatic;
				INFOPLIST_FILE = "JSON Parsing Swift 4/Info.plist";
				LD_RUNPATH_SEARCH_PATHS = (
					"$(inherited)",
					"@executable_path/Frameworks",
				);
				PRODUCT_BUNDLE_IDENTIFIER = "nl.revs.JSON-Parsing-Swift-4";
				PRODUCT_NAME = "$(TARGET_NAME)";
				SWIFT_VERSION = 4.2;
				TARGETED_DEVICE_FAMILY = "1,2";
			};
			name = Debug;
		};
		17025C4E22042EAC0039C3D9 /* Release */ = {
			isa = XCBuildConfiguration;
			buildSettings = {
				ASSETCATALOG_COMPILER_APPICON_NAME = AppIcon;
				CODE_SIGN_STYLE = Automatic;
				INFOPLIST_FILE = "JSON Parsing Swift 4/Info.plist";
				LD_RUNPATH_SEARCH_PATHS = (
					"$(inherited)",
					"@executable_path/Frameworks",
				);
				PRODUCT_BUNDLE_IDENTIFIER = "nl.revs.JSON-Parsing-Swift-4";
				PRODUCT_NAME = "$(TARGET_NAME)";
				SWIFT_VERSION = 4.2;
				TARGETED_DEVICE_FAMILY = "1,2";
			};
			name = Release;
		};
/* End XCBuildConfiguration section */

/* Begin XCConfigurationList section */
		17025C3522042EAA0039C3D9 /* Build configuration list for PBXProject "JSON Parsing Swift 4" */ = {
			isa = XCConfigurationList;
			buildConfigurations = (
				17025C4A22042EAC0039C3D9 /* Debug */,
				17025C4B22042EAC0039C3D9 /* Release */,
			);
			defaultConfigurationIsVisible = 0;
			defaultConfigurationName = Release;
		};
		17025C4C22042EAC0039C3D9 /* Build configuration list for PBXNativeTarget "JSON Parsing Swift 4" */ = {
			isa = XCConfigurationList;
			buildConfigurations = (
				17025C4D22042EAC0039C3D9 /* Debug */,
				17025C4E22042EAC0039C3D9 /* Release */,
			);
			defaultConfigurationIsVisible = 0;
			defaultConfigurationName = Release;
		};
/* End XCConfigurationList section */
	};
	rootObject = 17025C3222042EAA0039C3D9 /* Project object */;
}
